
Microsoft Visual Studio Solution File, Format Version 12.00
# Visual Studio 15
VisualStudioVersion = 15.0.28307.421
MinimumVisualStudioVersion = 10.0.40219.1
Project("{2150E333-8FDC-42A3-9474-1A3956D46DE8}") = "1 - Services", "1 - Services", "{81C47A22-6752-4BE3-A640-13E75FD3E45A}"
EndProject
Project("{2150E333-8FDC-42A3-9474-1A3956D46DE8}") = "2 - Application", "2 - Application", "{62D091AA-FBDF-4F46-9A2C-75CDA2904B4D}"
EndProject
Project("{2150E333-8FDC-42A3-9474-1A3956D46DE8}") = "4 - Domain", "4 - Domain", "{129B633C-A9B8-46DF-9CC2-0912DE81685B}"
EndProject
Project("{2150E333-8FDC-42A3-9474-1A3956D46DE8}") = "5 - Infra", "5 - Infra", "{165722E2-505A-452A-AF20-C938BCE4B8EF}"
EndProject
Project("{2150E333-8FDC-42A3-9474-1A3956D46DE8}") = "5.1 - Data", "5.1 - Data", "{E228A77A-4638-4C5D-9B64-6C8B53B893EA}"
EndProject
Project("{2150E333-8FDC-42A3-9474-1A3956D46DE8}") = "5.2 - CrossCutting", "5.2 - CrossCutting", "{551EF9CB-D624-40F2-AAC0-22B6889C396C}"
EndProject
Project("{FAE04EC0-301F-11D3-BF4B-00C04F79EFBC}") = "Events.Domain", "Events.Domain\Events.Domain.csproj", "{06C8CD59-D6EB-46AC-AA20-B877B2DD5855}"
EndProject
Project("{FAE04EC0-301F-11D3-BF4B-00C04F79EFBC}") = "Events.Application", "Events.Application\Events.Application.csproj", "{61F8F6B1-8951-4E72-A957-689E54214BF8}"
EndProject
Project("{FAE04EC0-301F-11D3-BF4B-00C04F79EFBC}") = "Events.Infra.Data", "Events.Infra.Data\Events.Infra.Data.csproj", "{1269B59B-E559-48EF-8FB4-2F8094BBB565}"
EndProject
Global
	GlobalSection(SolutionConfigurationPlatforms) = preSolution
		Debug|Any CPU = Debug|Any CPU
		Release|Any CPU = Release|Any CPU
	EndGlobalSection
	GlobalSection(ProjectConfigurationPlatforms) = postSolution
		{06C8CD59-D6EB-46AC-AA20-B877B2DD5855}.Debug|Any CPU.ActiveCfg = Debug|Any CPU
		{06C8CD59-D6EB-46AC-AA20-B877B2DD5855}.Debug|Any CPU.Build.0 = Debug|Any CPU
		{06C8CD59-D6EB-46AC-AA20-B877B2DD5855}.Release|Any CPU.ActiveCfg = Release|Any CPU
		{06C8CD59-D6EB-46AC-AA20-B877B2DD5855}.Release|Any CPU.Build.0 = Release|Any CPU
		{61F8F6B1-8951-4E72-A957-689E54214BF8}.Debug|Any CPU.ActiveCfg = Debug|Any CPU
		{61F8F6B1-8951-4E72-A957-689E54214BF8}.Debug|Any CPU.Build.0 = Debug|Any CPU
		{61F8F6B1-8951-4E72-A957-689E54214BF8}.Release|Any CPU.ActiveCfg = Release|Any CPU
		{61F8F6B1-8951-4E72-A957-689E54214BF8}.Release|Any CPU.Build.0 = Release|Any CPU
		{1269B59B-E559-48EF-8FB4-2F8094BBB565}.Debug|Any CPU.ActiveCfg = Debug|Any CPU
		{1269B59B-E559-48EF-8FB4-2F8094BBB565}.Debug|Any CPU.Build.0 = Debug|Any CPU
		{1269B59B-E559-48EF-8FB4-2F8094BBB565}.Release|Any CPU.ActiveCfg = Release|Any CPU
		{1269B59B-E559-48EF-8FB4-2F8094BBB565}.Release|Any CPU.Build.0 = Release|Any CPU
	EndGlobalSection
	GlobalSection(SolutionProperties) = preSolution
		HideSolutionNode = FALSE
	EndGlobalSection
	GlobalSection(NestedProjects) = preSolution
		{E228A77A-4638-4C5D-9B64-6C8B53B893EA} = {165722E2-505A-452A-AF20-C938BCE4B8EF}
		{551EF9CB-D624-40F2-AAC0-22B6889C396C} = {165722E2-505A-452A-AF20-C938BCE4B8EF}
		{06C8CD59-D6EB-46AC-AA20-B877B2DD5855} = {129B633C-A9B8-46DF-9CC2-0912DE81685B}
		{61F8F6B1-8951-4E72-A957-689E54214BF8} = {62D091AA-FBDF-4F46-9A2C-75CDA2904B4D}
		{1269B59B-E559-48EF-8FB4-2F8094BBB565} = {E228A77A-4638-4C5D-9B64-6C8B53B893EA}
	EndGlobalSection
	GlobalSection(ExtensibilityGlobals) = postSolution
		SolutionGuid = {83E9B9FD-D00A-417B-81E5-B770F1D68685}
	EndGlobalSection
EndGlobal
